
Microsoft Visual Studio Solution File, Format Version 12.00
# Visual Studio Version 16
VisualStudioVersion = 16.0.29424.173
MinimumVisualStudioVersion = 10.0.40219.1
Project("{2150E333-8FDC-42A3-9474-1A3956D46DE8}") = "1 - Application", "1 - Application", "{5D78A2D6-61CF-4761-98AD-2611D271601B}"
EndProject
Project("{2150E333-8FDC-42A3-9474-1A3956D46DE8}") = "2 - Domain", "2 - Domain", "{E6E56CAE-CA54-442D-8C35-F1473DAEA9C6}"
EndProject
Project("{2150E333-8FDC-42A3-9474-1A3956D46DE8}") = "3 - Service", "3 - Service", "{D320C943-52F4-4674-A3C6-22DE4D9D548E}"
EndProject
Project("{2150E333-8FDC-42A3-9474-1A3956D46DE8}") = "4 - Infra", "4 - Infra", "{1B30723C-DCA5-4189-B066-5F4643DC7845}"
EndProject
Project("{2150E333-8FDC-42A3-9474-1A3956D46DE8}") = "Data", "Data", "{531B9F3C-95E0-4763-A39C-54DC25BC75F9}"
EndProject
Project("{2150E333-8FDC-42A3-9474-1A3956D46DE8}") = "Cross - Cutting", "Cross - Cutting", "{B217B00A-0A33-4D8B-AA2D-E5B081AE6951}"
EndProject
Project("{9A19103F-16F7-4668-BE54-9A1E7A4F7556}") = "Domain", "Domain\Domain.csproj", "{4CDA1B52-05EF-481E-BB4E-567718EC126D}"
EndProject
Project("{9A19103F-16F7-4668-BE54-9A1E7A4F7556}") = "Infra.Data", "Infra.Data\Infra.Data.csproj", "{6ED16C2F-058B-4A2D-A7F8-9E5570B8DDDE}"
EndProject
Project("{9A19103F-16F7-4668-BE54-9A1E7A4F7556}") = "Service", "Service\Service.csproj", "{5BD9AC87-03BC-440B-8672-F009610FE15B}"
EndProject
Project("{9A19103F-16F7-4668-BE54-9A1E7A4F7556}") = "Infra.CrossCutting", "Infra.CrossCutting\Infra.CrossCutting.csproj", "{299F34BF-B69F-4E83-850F-4294B9EB3D84}"
EndProject
Project("{9A19103F-16F7-4668-BE54-9A1E7A4F7556}") = "WebApplication", "WebApplication\WebApplication.csproj", "{75F4AD0B-F10A-42DE-B022-75CBD07F28EA}"
EndProject
Project("{2150E333-8FDC-42A3-9474-1A3956D46DE8}") = "5 - Test", "5 - Test", "{97CC7AA0-E5B2-4FDD-A443-A4E1E673A281}"
EndProject
Project("{FAE04EC0-301F-11D3-BF4B-00C04F79EFBC}") = "Test", "Test\Test.csproj", "{83D6C9A5-676B-4372-8761-16CA0220BB25}"
EndProject
Global
	GlobalSection(SolutionConfigurationPlatforms) = preSolution
		Debug|Any CPU = Debug|Any CPU
		Release|Any CPU = Release|Any CPU
	EndGlobalSection
	GlobalSection(ProjectConfigurationPlatforms) = postSolution
		{4CDA1B52-05EF-481E-BB4E-567718EC126D}.Debug|Any CPU.ActiveCfg = Debug|Any CPU
		{4CDA1B52-05EF-481E-BB4E-567718EC126D}.Debug|Any CPU.Build.0 = Debug|Any CPU
		{4CDA1B52-05EF-481E-BB4E-567718EC126D}.Release|Any CPU.ActiveCfg = Release|Any CPU
		{4CDA1B52-05EF-481E-BB4E-567718EC126D}.Release|Any CPU.Build.0 = Release|Any CPU
		{6ED16C2F-058B-4A2D-A7F8-9E5570B8DDDE}.Debug|Any CPU.ActiveCfg = Debug|Any CPU
		{6ED16C2F-058B-4A2D-A7F8-9E5570B8DDDE}.Debug|Any CPU.Build.0 = Debug|Any CPU
		{6ED16C2F-058B-4A2D-A7F8-9E5570B8DDDE}.Release|Any CPU.ActiveCfg = Release|Any CPU
		{6ED16C2F-058B-4A2D-A7F8-9E5570B8DDDE}.Release|Any CPU.Build.0 = Release|Any CPU
		{5BD9AC87-03BC-440B-8672-F009610FE15B}.Debug|Any CPU.ActiveCfg = Debug|Any CPU
		{5BD9AC87-03BC-440B-8672-F009610FE15B}.Debug|Any CPU.Build.0 = Debug|Any CPU
		{5BD9AC87-03BC-440B-8672-F009610FE15B}.Release|Any CPU.ActiveCfg = Release|Any CPU
		{5BD9AC87-03BC-440B-8672-F009610FE15B}.Release|Any CPU.Build.0 = Release|Any CPU
		{299F34BF-B69F-4E83-850F-4294B9EB3D84}.Debug|Any CPU.ActiveCfg = Debug|Any CPU
		{299F34BF-B69F-4E83-850F-4294B9EB3D84}.Debug|Any CPU.Build.0 = Debug|Any CPU
		{299F34BF-B69F-4E83-850F-4294B9EB3D84}.Release|Any CPU.ActiveCfg = Release|Any CPU
		{299F34BF-B69F-4E83-850F-4294B9EB3D84}.Release|Any CPU.Build.0 = Release|Any CPU
		{75F4AD0B-F10A-42DE-B022-75CBD07F28EA}.Debug|Any CPU.ActiveCfg = Debug|Any CPU
		{75F4AD0B-F10A-42DE-B022-75CBD07F28EA}.Debug|Any CPU.Build.0 = Debug|Any CPU
		{75F4AD0B-F10A-42DE-B022-75CBD07F28EA}.Release|Any CPU.ActiveCfg = Release|Any CPU
		{75F4AD0B-F10A-42DE-B022-75CBD07F28EA}.Release|Any CPU.Build.0 = Release|Any CPU
		{83D6C9A5-676B-4372-8761-16CA0220BB25}.Debug|Any CPU.ActiveCfg = Debug|Any CPU
		{83D6C9A5-676B-4372-8761-16CA0220BB25}.Debug|Any CPU.Build.0 = Debug|Any CPU
		{83D6C9A5-676B-4372-8761-16CA0220BB25}.Release|Any CPU.ActiveCfg = Release|Any CPU
		{83D6C9A5-676B-4372-8761-16CA0220BB25}.Release|Any CPU.Build.0 = Release|Any CPU
	EndGlobalSection
	GlobalSection(SolutionProperties) = preSolution
		HideSolutionNode = FALSE
	EndGlobalSection
	GlobalSection(NestedProjects) = preSolution
		{531B9F3C-95E0-4763-A39C-54DC25BC75F9} = {1B30723C-DCA5-4189-B066-5F4643DC7845}
		{B217B00A-0A33-4D8B-AA2D-E5B081AE6951} = {1B30723C-DCA5-4189-B066-5F4643DC7845}
		{4CDA1B52-05EF-481E-BB4E-567718EC126D} = {E6E56CAE-CA54-442D-8C35-F1473DAEA9C6}
		{6ED16C2F-058B-4A2D-A7F8-9E5570B8DDDE} = {531B9F3C-95E0-4763-A39C-54DC25BC75F9}
		{5BD9AC87-03BC-440B-8672-F009610FE15B} = {D320C943-52F4-4674-A3C6-22DE4D9D548E}
		{299F34BF-B69F-4E83-850F-4294B9EB3D84} = {B217B00A-0A33-4D8B-AA2D-E5B081AE6951}
		{75F4AD0B-F10A-42DE-B022-75CBD07F28EA} = {5D78A2D6-61CF-4761-98AD-2611D271601B}
		{83D6C9A5-676B-4372-8761-16CA0220BB25} = {97CC7AA0-E5B2-4FDD-A443-A4E1E673A281}
	EndGlobalSection
	GlobalSection(ExtensibilityGlobals) = postSolution
		SolutionGuid = {D968F682-8748-463E-B49B-480D2859D4EB}
	EndGlobalSection
EndGlobal
